
Microsoft Visual Studio Solution File, Format Version 12.00
# Visual Studio Version 16
VisualStudioVersion = 16.0.30413.136
MinimumVisualStudioVersion = 10.0.40219.1
Project("{8BC9CEB8-8B4A-11D0-8D11-00A0C91BC942}") = "LuaTest1", "LuaTest1\LuaTest1.vcxproj", "{9312354F-E376-4EEF-9E2B-5418C538793C}"
	ProjectSection(ProjectDependencies) = postProject
		{2E38BB6C-F843-4F8D-AF14-FA8F434BAD5B} = {2E38BB6C-F843-4F8D-AF14-FA8F434BAD5B}
	EndProjectSection
EndProject
Project("{8BC9CEB8-8B4A-11D0-8D11-00A0C91BC942}") = "LuaLib", "LuaLib\LuaLib.vcxproj", "{2E38BB6C-F843-4F8D-AF14-FA8F434BAD5B}"
EndProject
Project("{8BC9CEB8-8B4A-11D0-8D11-00A0C91BC942}") = "QtLuaTest", "QtLuaTest\QtLuaTest.vcxproj", "{2DEA9E5A-5F10-440D-B651-C3494ACF33DA}"
	ProjectSection(ProjectDependencies) = postProject
		{2E38BB6C-F843-4F8D-AF14-FA8F434BAD5B} = {2E38BB6C-F843-4F8D-AF14-FA8F434BAD5B}
	EndProjectSection
EndProject
Project("{8BC9CEB8-8B4A-11D0-8D11-00A0C91BC942}") = "TestAlgorithm", "TestAlgorithm\TestAlgorithm.vcxproj", "{555C42E3-E34D-4F88-BE37-02C057CD8D4A}"
EndProject
Global
	GlobalSection(SolutionConfigurationPlatforms) = preSolution
		Debug|x86 = Debug|x86
		Release|x86 = Release|x86
	EndGlobalSection
	GlobalSection(ProjectConfigurationPlatforms) = postSolution
		{9312354F-E376-4EEF-9E2B-5418C538793C}.Debug|x86.ActiveCfg = Debug|Win32
		{9312354F-E376-4EEF-9E2B-5418C538793C}.Debug|x86.Build.0 = Debug|Win32
		{9312354F-E376-4EEF-9E2B-5418C538793C}.Release|x86.ActiveCfg = Release|Win32
		{9312354F-E376-4EEF-9E2B-5418C538793C}.Release|x86.Build.0 = Release|Win32
		{2E38BB6C-F843-4F8D-AF14-FA8F434BAD5B}.Debug|x86.ActiveCfg = Debug|Win32
		{2E38BB6C-F843-4F8D-AF14-FA8F434BAD5B}.Debug|x86.Build.0 = Debug|Win32
		{2E38BB6C-F843-4F8D-AF14-FA8F434BAD5B}.Release|x86.ActiveCfg = Release|Win32
		{2E38BB6C-F843-4F8D-AF14-FA8F434BAD5B}.Release|x86.Build.0 = Release|Win32
		{2DEA9E5A-5F10-440D-B651-C3494ACF33DA}.Debug|x86.ActiveCfg = Debug|Win32
		{2DEA9E5A-5F10-440D-B651-C3494ACF33DA}.Debug|x86.Build.0 = Debug|Win32
		{2DEA9E5A-5F10-440D-B651-C3494ACF33DA}.Release|x86.ActiveCfg = Release|Win32
		{2DEA9E5A-5F10-440D-B651-C3494ACF33DA}.Release|x86.Build.0 = Release|Win32
		{555C42E3-E34D-4F88-BE37-02C057CD8D4A}.Debug|x86.ActiveCfg = Debug|Win32
		{555C42E3-E34D-4F88-BE37-02C057CD8D4A}.Debug|x86.Build.0 = Debug|Win32
		{555C42E3-E34D-4F88-BE37-02C057CD8D4A}.Release|x86.ActiveCfg = Release|Win32
		{555C42E3-E34D-4F88-BE37-02C057CD8D4A}.Release|x86.Build.0 = Release|Win32
	EndGlobalSection
	GlobalSection(SolutionProperties) = preSolution
		HideSolutionNode = FALSE
	EndGlobalSection
	GlobalSection(ExtensibilityGlobals) = postSolution
		SolutionGuid = {1941BA09-4C92-4865-AA3C-F86E3B156119}
	EndGlobalSection
EndGlobal
